
Microsoft Visual Studio Solution File, Format Version 12.00
# Visual Studio Version 17
VisualStudioVersion = 17.4.33213.308
MinimumVisualStudioVersion = 10.0.40219.1
Project("{9A19103F-16F7-4668-BE54-9A1E7A4F7556}") = "Host", "Host\Host.csproj", "{8CD52751-368A-43E3-BC9E-3226922448B6}"
EndProject
Project("{9A19103F-16F7-4668-BE54-9A1E7A4F7556}") = "Management.Proto", "Management.Proto\Management.Proto.csproj", "{CE2CFC74-7563-4274-A7E8-CCE0520ACCDE}"
EndProject
Project("{9A19103F-16F7-4668-BE54-9A1E7A4F7556}") = "Management", "Management\Management.csproj", "{7D59E8B5-D497-40D2-B404-25200C4C0919}"
EndProject
Project("{9A19103F-16F7-4668-BE54-9A1E7A4F7556}") = "StorageManager", "StorageManager\StorageManager.csproj", "{7C94B1F5-4E98-4D63-B76A-9404BECAA29F}"
EndProject
Project("{FAE04EC0-301F-11D3-BF4B-00C04F79EFBC}") = "Management.Api", "Management.Api\Management.Api.csproj", "{0CD2AA21-67F9-4159-BD52-F3FFF81D94C8}"
EndProject
Global
	GlobalSection(SolutionConfigurationPlatforms) = preSolution
		Debug|Any CPU = Debug|Any CPU
		Release|Any CPU = Release|Any CPU
	EndGlobalSection
	GlobalSection(ProjectConfigurationPlatforms) = postSolution
		{8CD52751-368A-43E3-BC9E-3226922448B6}.Debug|Any CPU.ActiveCfg = Debug|Any CPU
		{8CD52751-368A-43E3-BC9E-3226922448B6}.Debug|Any CPU.Build.0 = Debug|Any CPU
		{8CD52751-368A-43E3-BC9E-3226922448B6}.Release|Any CPU.ActiveCfg = Release|Any CPU
		{8CD52751-368A-43E3-BC9E-3226922448B6}.Release|Any CPU.Build.0 = Release|Any CPU
		{CE2CFC74-7563-4274-A7E8-CCE0520ACCDE}.Debug|Any CPU.ActiveCfg = Debug|Any CPU
		{CE2CFC74-7563-4274-A7E8-CCE0520ACCDE}.Debug|Any CPU.Build.0 = Debug|Any CPU
		{CE2CFC74-7563-4274-A7E8-CCE0520ACCDE}.Release|Any CPU.ActiveCfg = Release|Any CPU
		{CE2CFC74-7563-4274-A7E8-CCE0520ACCDE}.Release|Any CPU.Build.0 = Release|Any CPU
		{7D59E8B5-D497-40D2-B404-25200C4C0919}.Debug|Any CPU.ActiveCfg = Debug|Any CPU
		{7D59E8B5-D497-40D2-B404-25200C4C0919}.Debug|Any CPU.Build.0 = Debug|Any CPU
		{7D59E8B5-D497-40D2-B404-25200C4C0919}.Release|Any CPU.ActiveCfg = Release|Any CPU
		{7D59E8B5-D497-40D2-B404-25200C4C0919}.Release|Any CPU.Build.0 = Release|Any CPU
		{7C94B1F5-4E98-4D63-B76A-9404BECAA29F}.Debug|Any CPU.ActiveCfg = Debug|Any CPU
		{7C94B1F5-4E98-4D63-B76A-9404BECAA29F}.Debug|Any CPU.Build.0 = Debug|Any CPU
		{7C94B1F5-4E98-4D63-B76A-9404BECAA29F}.Release|Any CPU.ActiveCfg = Release|Any CPU
		{7C94B1F5-4E98-4D63-B76A-9404BECAA29F}.Release|Any CPU.Build.0 = Release|Any CPU
		{0CD2AA21-67F9-4159-BD52-F3FFF81D94C8}.Debug|Any CPU.ActiveCfg = Debug|Any CPU
		{0CD2AA21-67F9-4159-BD52-F3FFF81D94C8}.Debug|Any CPU.Build.0 = Debug|Any CPU
		{0CD2AA21-67F9-4159-BD52-F3FFF81D94C8}.Release|Any CPU.ActiveCfg = Release|Any CPU
		{0CD2AA21-67F9-4159-BD52-F3FFF81D94C8}.Release|Any CPU.Build.0 = Release|Any CPU
	EndGlobalSection
	GlobalSection(SolutionProperties) = preSolution
		HideSolutionNode = FALSE
	EndGlobalSection
	GlobalSection(ExtensibilityGlobals) = postSolution
		SolutionGuid = {2F1ED6DA-F2E1-4A65-A17E-42A079FC3719}
	EndGlobalSection
EndGlobal
